
Microsoft Visual Studio Solution File, Format Version 12.00
# Visual Studio 15
VisualStudioVersion = 15.0.28010.2036
MinimumVisualStudioVersion = 10.0.40219.1
Project("{8BC9CEB8-8B4A-11D0-8D11-00A0C91BC942}") = "15D_cpp", "15D_cpp.vcxproj", "{FC50AB83-4E6E-404B-8543-50673B74BB72}"
EndProject
Global
	GlobalSection(SolutionConfigurationPlatforms) = preSolution
		Debug|x64 = Debug|x64
		Debug|x86 = Debug|x86
		Release|x64 = Release|x64
		Release|x86 = Release|x86
	EndGlobalSection
	GlobalSection(ProjectConfigurationPlatforms) = postSolution
		{FC50AB83-4E6E-404B-8543-50673B74BB72}.Debug|x64.ActiveCfg = Debug|x64
		{FC50AB83-4E6E-404B-8543-50673B74BB72}.Debug|x64.Build.0 = Debug|x64
		{FC50AB83-4E6E-404B-8543-50673B74BB72}.Debug|x86.ActiveCfg = Debug|Win32
		{FC50AB83-4E6E-404B-8543-50673B74BB72}.Debug|x86.Build.0 = Debug|Win32
		{FC50AB83-4E6E-404B-8543-50673B74BB72}.Release|x64.ActiveCfg = Release|x64
		{FC50AB83-4E6E-404B-8543-50673B74BB72}.Release|x64.Build.0 = Release|x64
		{FC50AB83-4E6E-404B-8543-50673B74BB72}.Release|x86.ActiveCfg = Release|Win32
		{FC50AB83-4E6E-404B-8543-50673B74BB72}.Release|x86.Build.0 = Release|Win32
	EndGlobalSection
	GlobalSection(SolutionProperties) = preSolution
		HideSolutionNode = FALSE
	EndGlobalSection
	GlobalSection(ExtensibilityGlobals) = postSolution
		SolutionGuid = {DF57B197-1D3F-4CAB-8DE6-F438B165AF2D}
	EndGlobalSection
EndGlobal
